{
  "version": 4,
  "terraform_version": "1.14.3",
  "serial": 121,
  "lineage": "71a57ab1-125e-42d5-52b9-84ce5e5aff16",
  "outputs": {
    "cluster_endpoint": {
      "value": "https://8AF83AAC806C99E66A068190231E0151.gr7.us-east-1.eks.amazonaws.com",
      "type": "string"
    },
    "cluster_id": {
      "value": "microservices-cluster",
      "type": "string"
    },
    "cluster_name": {
      "value": "microservices-cluster",
      "type": "string"
    },
    "configure_kubectl": {
      "value": "aws eks update-kubeconfig --name microservices-cluster --region us-east-1",
      "type": "string"
    },
    "private_subnet_ids": {
      "value": [],
      "type": [
        "tuple",
        []
      ]
    },
    "public_subnet_ids": {
      "value": [
        "subnet-00751da57efb90516",
        "subnet-0a7292eaf10ea0639",
        "subnet-04b9db96166364b09",
        "subnet-06b7f457fbd13607a",
        "subnet-056a7ad9e9da9339c"
      ],
      "type": [
        "tuple",
        [
          "string",
          "string",
          "string",
          "string",
          "string"
        ]
      ]
    },
    "vpc_id": {
      "value": "vpc-0c1087c6fc9e749d8",
      "type": "string"
    }
  },
  "resources": [
    {
      "mode": "managed",
      "type": "aws_eks_cluster",
      "name": "main",
      "provider": "provider[\"registry.terraform.io/hashicorp/aws\"]",
      "instances": [
        {
          "schema_version": 1,
          "attributes": {
            "access_config": [
              {
                "authentication_mode": "CONFIG_MAP",
                "bootstrap_cluster_creator_admin_permissions": true
              }
            ],
            "arn": "arn:aws:eks:us-east-1:905418385450:cluster/microservices-cluster",
            "bootstrap_self_managed_addons": true,
            "certificate_authority": [
              {
                "data": "LS0tLS1CRUdJTiBDRVJUSUZJQ0FURS0tLS0tCk1JSURCVENDQWUyZ0F3SUJBZ0lJVmRWZ1Zyaythc0F3RFFZSktvWklodmNOQVFFTEJRQXdGVEVUTUJFR0ExVUUKQXhNS2EzVmlaWEp1WlhSbGN6QWVGdzB5TmpBeE1EUXlNRFE1TVRoYUZ3MHpOakF4TURJeU1EVTBNVGhhTUJVeApFekFSQmdOVkJBTVRDbXQxWW1WeWJtVjBaWE13Z2dFaU1BMEdDU3FHU0liM0RRRUJBUVVBQTRJQkR3QXdnZ0VLCkFvSUJBUUNuSmFuTnVWQVpYKzZnRlBtYkJTbzlrTEJCUk8yTWg3WVp5cmZiZEI0ZHpSNGhlRUhhZ3FUQ2lUbk8KaTBCN0pPbFlqUkJKWEpxdjg4Y3d4T1Z2V3RISEJIQmt6SXpJZkJpaHBoYnhQdm9YZkRWYWtHYm5PMC9peDdkRApRVnhseTNFZlFMUm5SZE5Da1lqd3E0cWF3cnQ5eThmSE9vaXZWQllvcDI0N2RZWEZpQ2p4SFFMTm1HY3FLTjh0CjVzMVVxZld1NlRJVjI1V3dzV1g5aXJtWERIbGRJWkZKOEpvRVNoYzFTWGl2dnN6c2JDeFg5ek8yUHZsSTFIc08KS0pWQThUN2ZKN1dwYXA3aVIxT2hSMUF2N3M2Nk9NUHorck9sMWhOTlhnQWUyaXN5TU00YmJwS3pUTVI0VVRVcgprK1J5azd1aHpkK0JvMEpUY0QrUjZJMVB5VTExQWdNQkFBR2pXVEJYTUE0R0ExVWREd0VCL3dRRUF3SUNwREFQCkJnTlZIUk1CQWY4RUJUQURBUUgvTUIwR0ExVWREZ1FXQkJTRndnbk5MUXNZOGp2aVA4bjRxcTI3dURvcnJUQVYKQmdOVkhSRUVEakFNZ2dwcmRXSmxjbTVsZEdWek1BMEdDU3FHU0liM0RRRUJDd1VBQTRJQkFRQjY4Y1dlYVhEMgpQUG9kelZRL0l3djJBVGdJbUtMTklIUm1VMjhScDR1dXpZQmFpKzQvd1FLLzRCWVcvbW41ejRXU0h2VUlqb3JWCllLVjUxSmVRZzBITjhNb05HRUh5TlltRUhqYlZCQzdhSTN3Uk51aXNsckIxQnUxd0dUWnJsSFVDajBxOS93YVYKVzF2eTJiQ2JVSDlwUnhUS1lmZzFoUEgxanphS00vYUpIZkJDSTlobm5oMGxpdE90MTFod3NiQm5zeXRhNU1jRwpsZjBMekkrQ0JQVFNTQVZiQ2VrRlBwcnJhSS9NbEVITEtXaUo1b2J2c01Gc3BwL05FeGNVSEtrNjJLckFEMnQ1ClNSckVlQWZJU0pIUFA3cmVaTXJNeUsxdUJhNjB4VXovREFrd2s5ZDlnbGZjMUxGcVNLOHBNR3NsYStFaGFNd2EKRWtSa0hyZVc5YlYxCi0tLS0tRU5EIENFUlRJRklDQVRFLS0tLS0K"
              }
            ],
            "cluster_id": null,
            "compute_config": [],
            "created_at": "2026-01-04T20:48:51Z",
            "enabled_cluster_log_types": null,
            "encryption_config": [],
            "endpoint": "https://8AF83AAC806C99E66A068190231E0151.gr7.us-east-1.eks.amazonaws.com",
            "force_update_version": null,
            "id": "microservices-cluster",
            "identity": [
              {
                "oidc": [
                  {
                    "issuer": "https://oidc.eks.us-east-1.amazonaws.com/id/8AF83AAC806C99E66A068190231E0151"
                  }
                ]
              }
            ],
            "kubernetes_network_config": [
              {
                "elastic_load_balancing": [
                  {
                    "enabled": false
                  }
                ],
                "ip_family": "ipv4",
                "service_ipv4_cidr": "10.100.0.0/16",
                "service_ipv6_cidr": ""
              }
            ],
            "name": "microservices-cluster",
            "outpost_config": [],
            "platform_version": "eks.58",
            "remote_network_config": [],
            "role_arn": "arn:aws:iam::905418385450:role/LabRole",
            "status": "ACTIVE",
            "storage_config": [],
            "tags": {
              "Environment": "Production",
              "ManagedBy": "Terraform",
              "Owner": "User",
              "Project": "Microservices"
            },
            "tags_all": {
              "Environment": "Production",
              "ManagedBy": "Terraform",
              "Owner": "User",
              "Project": "Microservices"
            },
            "timeouts": null,
            "upgrade_policy": [
              {
                "support_type": "EXTENDED"
              }
            ],
            "version": "1.29",
            "vpc_config": [
              {
                "cluster_security_group_id": "sg-04a87a5cc2aaa074b",
                "endpoint_private_access": true,
                "endpoint_public_access": true,
                "public_access_cidrs": [
                  "0.0.0.0/0"
                ],
                "security_group_ids": null,
                "subnet_ids": [
                  "subnet-00751da57efb90516",
                  "subnet-04b9db96166364b09",
                  "subnet-056a7ad9e9da9339c",
                  "subnet-06b7f457fbd13607a",
                  "subnet-0a7292eaf10ea0639"
                ],
                "vpc_id": "vpc-0c1087c6fc9e749d8"
              }
            ],
            "zonal_shift_config": []
          },
          "sensitive_attributes": [],
          "identity_schema_version": 0,
          "private": "eyJlMmJmYjczMC1lY2FhLTExZTYtOGY4OC0zNDM2M2JjN2M0YzAiOnsiY3JlYXRlIjoxODAwMDAwMDAwMDAwLCJkZWxldGUiOjkwMDAwMDAwMDAwMCwidXBkYXRlIjozNjAwMDAwMDAwMDAwfSwic2NoZW1hX3ZlcnNpb24iOiIxIn0="
        }
      ]
    },
    {
      "mode": "managed",
      "type": "aws_eks_node_group",
      "name": "main",
      "provider": "provider[\"registry.terraform.io/hashicorp/aws\"]",
      "instances": [
        {
          "schema_version": 0,
          "attributes": {
            "ami_type": "AL2_x86_64",
            "arn": "arn:aws:eks:us-east-1:905418385450:nodegroup/microservices-cluster/microservices-cluster-node-group/aecdc567-0431-3d5f-7b8c-509a4cac1838",
            "capacity_type": "ON_DEMAND",
            "cluster_name": "microservices-cluster",
            "disk_size": 20,
            "force_update_version": null,
            "id": "microservices-cluster:microservices-cluster-node-group",
            "instance_types": [
              "t3.small"
            ],
            "labels": null,
            "launch_template": [],
            "node_group_name": "microservices-cluster-node-group",
            "node_group_name_prefix": "",
            "node_repair_config": [],
            "node_role_arn": "arn:aws:iam::905418385450:role/LabRole",
            "release_version": "1.29.15-20251209",
            "remote_access": [],
            "resources": [
              {
                "autoscaling_groups": [
                  {
                    "name": "eks-microservices-cluster-node-group-aecdc567-0431-3d5f-7b8c-509a4cac1838"
                  }
                ],
                "remote_access_security_group_id": ""
              }
            ],
            "scaling_config": [
              {
                "desired_size": 2,
                "max_size": 2,
                "min_size": 1
              }
            ],
            "status": "ACTIVE",
            "subnet_ids": [
              "subnet-00751da57efb90516",
              "subnet-0a7292eaf10ea0639"
            ],
            "tags": {
              "Environment": "Production",
              "ManagedBy": "Terraform",
              "Name": "microservices-cluster-node-group",
              "Owner": "User",
              "Project": "Microservices"
            },
            "tags_all": {
              "Environment": "Production",
              "ManagedBy": "Terraform",
              "Name": "microservices-cluster-node-group",
              "Owner": "User",
              "Project": "Microservices"
            },
            "taint": [],
            "timeouts": null,
            "update_config": [
              {
                "max_unavailable": 1,
                "max_unavailable_percentage": 0
              }
            ],
            "version": "1.29"
          },
          "sensitive_attributes": [],
          "identity_schema_version": 0,
          "private": "eyJlMmJmYjczMC1lY2FhLTExZTYtOGY4OC0zNDM2M2JjN2M0YzAiOnsiY3JlYXRlIjozNjAwMDAwMDAwMDAwLCJkZWxldGUiOjM2MDAwMDAwMDAwMDAsInVwZGF0ZSI6MzYwMDAwMDAwMDAwMH19",
          "dependencies": [
            "aws_eks_cluster.main"
          ]
        }
      ]
    }
  ],
  "check_results": null
}
