{
  "version": 4,
  "terraform_version": "1.14.3",
  "serial": 60,
  "lineage": "71a57ab1-125e-42d5-52b9-84ce5e5aff16",
  "outputs": {
    "cluster_endpoint": {
      "value": "https://B3903E8E60B4FA9D9D82B4BB4E4747CE.gr7.us-east-1.eks.amazonaws.com",
      "type": "string"
    },
    "cluster_id": {
      "value": "microservices-cluster",
      "type": "string"
    },
    "cluster_name": {
      "value": "microservices-cluster",
      "type": "string"
    },
    "cluster_security_group_id": {
      "value": "sg-0f7ecb28b3fad3af7",
      "type": "string"
    },
    "configure_kubectl": {
      "value": "aws eks update-kubeconfig --name microservices-cluster --region us-east-1",
      "type": "string"
    },
    "private_subnet_ids": {
      "value": [
        "subnet-011989b87a0b67818",
        "subnet-070e4457673d311cc"
      ],
      "type": [
        "tuple",
        [
          "string",
          "string"
        ]
      ]
    },
    "public_subnet_ids": {
      "value": [
        "subnet-0e6ba81b0429f1091",
        "subnet-086f37238f887d99f"
      ],
      "type": [
        "tuple",
        [
          "string",
          "string"
        ]
      ]
    },
    "vpc_id": {
      "value": "vpc-07d4c3ec05834ec73",
      "type": "string"
    }
  },
  "resources": [
    {
      "mode": "data",
      "type": "aws_iam_role",
      "name": "lab_role",
      "provider": "provider[\"registry.terraform.io/hashicorp/aws\"]",
      "instances": [
        {
          "schema_version": 0,
          "attributes": {
            "arn": "arn:aws:iam::905418385450:role/LabRole",
            "assume_role_policy": "{\"Version\":\"2012-10-17\",\"Statement\":[{\"Effect\":\"Allow\",\"Principal\":{\"Service\":[\"athena.amazonaws.com\",\"ecs.amazonaws.com\",\"ssm.amazonaws.com\",\"redshift.amazonaws.com\",\"codedeploy.amazonaws.com\",\"elasticbeanstalk.amazonaws.com\",\"cloudformation.amazonaws.com\",\"codewhisperer.amazonaws.com\",\"elasticmapreduce.amazonaws.com\",\"ec2.application-autoscaling.amazonaws.com\",\"sqs.amazonaws.com\",\"apigateway.amazonaws.com\",\"logs.amazonaws.com\",\"glue.amazonaws.com\",\"cognito-idp.amazonaws.com\",\"s3.amazonaws.com\",\"eks-fargate-pods.amazonaws.com\",\"cloudtrail.amazonaws.com\",\"eks.amazonaws.com\",\"deepracer.amazonaws.com\",\"kinesisanalytics.amazonaws.com\",\"kinesis.amazonaws.com\",\"sns.amazonaws.com\",\"iotanalytics.amazonaws.com\",\"kms.amazonaws.com\",\"sagemaker.amazonaws.com\",\"databrew.amazonaws.com\",\"secretsmanager.amazonaws.com\",\"dynamodb.amazonaws.com\",\"lambda.amazonaws.com\",\"iot.amazonaws.com\",\"application-autoscaling.amazonaws.com\",\"elasticloadbalancing.amazonaws.com\",\"elasticfilesystem.amazonaws.com\",\"rekognition.amazonaws.com\",\"events.amazonaws.com\",\"codecommit.amazonaws.com\",\"firehose.amazonaws.com\",\"iotevents.amazonaws.com\",\"ec2.amazonaws.com\",\"credentials.iot.amazonaws.com\",\"states.amazonaws.com\",\"forecast.amazonaws.com\",\"rds.amazonaws.com\",\"backup.amazonaws.com\",\"resource-groups.amazonaws.com\",\"servicecatalog.amazonaws.com\",\"cloud9.amazonaws.com\",\"autoscaling.amazonaws.com\",\"scheduler.amazonaws.com\",\"ecs-tasks.amazonaws.com\",\"batch.amazonaws.com\",\"pipes.amazonaws.com\"],\"AWS\":\"arn:aws:iam::905418385450:role/LabRole\"},\"Action\":\"sts:AssumeRole\"}]}",
            "create_date": "2025-12-15T12:28:29Z",
            "description": "",
            "id": "LabRole",
            "max_session_duration": 3600,
            "name": "LabRole",
            "path": "/",
            "permissions_boundary": "",
            "role_last_used": [
              {
                "last_used_date": "2025-12-30T22:17:40Z",
                "region": "us-east-1"
              }
            ],
            "tags": {
              "cloudlab": "c191399a4934151l13164440t1w905418385450"
            },
            "unique_id": "AROA5FTZEFAVPB5JZXD3Q"
          },
          "sensitive_attributes": [],
          "identity_schema_version": 0
        }
      ]
    },
    {
      "mode": "managed",
      "type": "aws_eks_cluster",
      "name": "main",
      "provider": "provider[\"registry.terraform.io/hashicorp/aws\"]",
      "instances": [
        {
          "schema_version": 1,
          "attributes": {
            "access_config": [
              {
                "authentication_mode": "CONFIG_MAP",
                "bootstrap_cluster_creator_admin_permissions": true
              }
            ],
            "arn": "arn:aws:eks:us-east-1:905418385450:cluster/microservices-cluster",
            "bootstrap_self_managed_addons": true,
            "certificate_authority": [
              {
                "data": "LS0tLS1CRUdJTiBDRVJUSUZJQ0FURS0tLS0tCk1JSURCVENDQWUyZ0F3SUJBZ0lJVDAyWXBabkxKSDB3RFFZSktvWklodmNOQVFFTEJRQXdGVEVUTUJFR0ExVUUKQXhNS2EzVmlaWEp1WlhSbGN6QWVGdzB5TlRFeU16QXlNakkwTlRaYUZ3MHpOVEV5TWpneU1qSTVOVFphTUJVeApFekFSQmdOVkJBTVRDbXQxWW1WeWJtVjBaWE13Z2dFaU1BMEdDU3FHU0liM0RRRUJBUVVBQTRJQkR3QXdnZ0VLCkFvSUJBUURLcXFxUytKcy8vZW12c0VZanUxMG5JRkMzQThHMU5QbHowT0N1ZzZ2WTFsb2JpMVBpdGpPRWZWRHQKdEFWZWMzNkFOamxUS3oxMmlxRzg5dFRuemhvTS9sbzhrbWtlSEk5bUhsaVBLV1B3MlllS1QwZGdyTVlYQVM3cApISHdiRlI3NG9aWWJtU0FaTGhFcDlnOEwwditVYWd5K0RlTlRXbTVvTE9OSVVaK3Zya25RMzNFWWl1c2k2RmZCCnRHeGpKYk5MUjEwQ25Cdm80N3pMYXpDOEpjbFFBVkIxeTR0MWRjUHRyS2wrRDFzdVRzR3VXRktuQ3AzTTBzN2UKelRVaGdxVy85anAvYTBUdE5ScGlGVUxmTDVNamFVQ1duRGtMRnUxcFk4WlFQZlZWZG1xckFFYzJUcGdHMDY1dwpoQ1ZOTW9NcUNnclF0dnZJRytpYnZKd3BjakY5QWdNQkFBR2pXVEJYTUE0R0ExVWREd0VCL3dRRUF3SUNwREFQCkJnTlZIUk1CQWY4RUJUQURBUUgvTUIwR0ExVWREZ1FXQkJTZVNEYjZtVStreHFvQW1ZWkJIUVZMV2RvaTVUQVYKQmdOVkhSRUVEakFNZ2dwcmRXSmxjbTVsZEdWek1BMEdDU3FHU0liM0RRRUJDd1VBQTRJQkFRQ282R3FMZGl6cgpDMEVxNVBxYTBMd0c3OVo0aTVjbUxNQ3pkR3NDTVc0MGtack9XNmFmM0YrbUpvTzFmOVA5amhoZnRqSlFUdHo0ClhrUit4NFUxQkUxVFRZamlBbU5OSjhweEFXSWNwSndURk9UMjNkbUV6NWVrbjFMMUpUeXNIZGlFMGsyYjZ6eVIKRWFrU1lvVkxJU2Q1MG5zejk1SGJ0U1ZUSEhjNllmeXYxdjZ0cHV6S0dZbkZlWCtoRHhGRmZJMWJqZG1EakxCYQpxRkFUUkM4ZnVKRE1pMHh1bjI2SVNUbWNlUFZVMFIrNGx2aW9GTDZta0xXYVRCdGJNOUUzb3NybHdNTElNcjFuCjJiM1BTZ3pZVG90NmRuNk4wOEd3T0grWjJydmtyaXgzeCtHeEtIOGY1Uit3OEwxbkZWSHU0MitkNVFEcU1NUGwKL0FZSFE1Uk9yNXdqCi0tLS0tRU5EIENFUlRJRklDQVRFLS0tLS0K"
              }
            ],
            "cluster_id": null,
            "compute_config": [],
            "created_at": "2025-12-30T22:24:24Z",
            "enabled_cluster_log_types": null,
            "encryption_config": [],
            "endpoint": "https://B3903E8E60B4FA9D9D82B4BB4E4747CE.gr7.us-east-1.eks.amazonaws.com",
            "force_update_version": null,
            "id": "microservices-cluster",
            "identity": [
              {
                "oidc": [
                  {
                    "issuer": "https://oidc.eks.us-east-1.amazonaws.com/id/B3903E8E60B4FA9D9D82B4BB4E4747CE"
                  }
                ]
              }
            ],
            "kubernetes_network_config": [
              {
                "elastic_load_balancing": [
                  {
                    "enabled": false
                  }
                ],
                "ip_family": "ipv4",
                "service_ipv4_cidr": "172.20.0.0/16",
                "service_ipv6_cidr": ""
              }
            ],
            "name": "microservices-cluster",
            "outpost_config": [],
            "platform_version": "eks.58",
            "remote_network_config": [],
            "role_arn": "arn:aws:iam::905418385450:role/LabRole",
            "status": "ACTIVE",
            "storage_config": [],
            "tags": {
              "Environment": "Production",
              "ManagedBy": "Terraform",
              "Owner": "User",
              "Project": "Microservices"
            },
            "tags_all": {
              "Environment": "Production",
              "ManagedBy": "Terraform",
              "Owner": "User",
              "Project": "Microservices"
            },
            "timeouts": null,
            "upgrade_policy": [
              {
                "support_type": "EXTENDED"
              }
            ],
            "version": "1.29",
            "vpc_config": [
              {
                "cluster_security_group_id": "sg-064f29db5d168be79",
                "endpoint_private_access": true,
                "endpoint_public_access": true,
                "public_access_cidrs": [
                  "0.0.0.0/0"
                ],
                "security_group_ids": [
                  "sg-0f7ecb28b3fad3af7"
                ],
                "subnet_ids": [
                  "subnet-086f37238f887d99f",
                  "subnet-0e6ba81b0429f1091"
                ],
                "vpc_id": "vpc-07d4c3ec05834ec73"
              }
            ],
            "zonal_shift_config": []
          },
          "sensitive_attributes": [],
          "identity_schema_version": 0,
          "private": "eyJlMmJmYjczMC1lY2FhLTExZTYtOGY4OC0zNDM2M2JjN2M0YzAiOnsiY3JlYXRlIjoxODAwMDAwMDAwMDAwLCJkZWxldGUiOjkwMDAwMDAwMDAwMCwidXBkYXRlIjozNjAwMDAwMDAwMDAwfSwic2NoZW1hX3ZlcnNpb24iOiIxIn0=",
          "dependencies": [
            "aws_security_group.eks_cluster",
            "aws_subnet.public",
            "aws_vpc.main",
            "data.aws_iam_role.lab_role"
          ]
        }
      ]
    },
    {
      "mode": "managed",
      "type": "aws_eks_node_group",
      "name": "main",
      "provider": "provider[\"registry.terraform.io/hashicorp/aws\"]",
      "instances": [
        {
          "schema_version": 0,
          "attributes": {
            "ami_type": "AL2_x86_64",
            "arn": "arn:aws:eks:us-east-1:905418385450:nodegroup/microservices-cluster/microservices-cluster-node-group/70cdb8b2-dcdd-fd6f-ddee-b3e69a9e747b",
            "capacity_type": "ON_DEMAND",
            "cluster_name": "microservices-cluster",
            "disk_size": 20,
            "force_update_version": null,
            "id": "microservices-cluster:microservices-cluster-node-group",
            "instance_types": [
              "t3.small"
            ],
            "labels": null,
            "launch_template": [],
            "node_group_name": "microservices-cluster-node-group",
            "node_group_name_prefix": "",
            "node_repair_config": [],
            "node_role_arn": "arn:aws:iam::905418385450:role/LabRole",
            "release_version": "1.29.15-20251209",
            "remote_access": [],
            "resources": [
              {
                "autoscaling_groups": [
                  {
                    "name": "eks-microservices-cluster-node-group-70cdb8b2-dcdd-fd6f-ddee-b3e69a9e747b"
                  }
                ],
                "remote_access_security_group_id": ""
              }
            ],
            "scaling_config": [
              {
                "desired_size": 2,
                "max_size": 2,
                "min_size": 1
              }
            ],
            "status": "ACTIVE",
            "subnet_ids": [
              "subnet-0e6ba81b0429f1091"
            ],
            "tags": {
              "Environment": "Production",
              "ManagedBy": "Terraform",
              "Name": "microservices-cluster-node-group",
              "Owner": "User",
              "Project": "Microservices"
            },
            "tags_all": {
              "Environment": "Production",
              "ManagedBy": "Terraform",
              "Name": "microservices-cluster-node-group",
              "Owner": "User",
              "Project": "Microservices"
            },
            "taint": [],
            "timeouts": null,
            "update_config": [
              {
                "max_unavailable": 1,
                "max_unavailable_percentage": 0
              }
            ],
            "version": "1.29"
          },
          "sensitive_attributes": [],
          "identity_schema_version": 0,
          "private": "eyJlMmJmYjczMC1lY2FhLTExZTYtOGY4OC0zNDM2M2JjN2M0YzAiOnsiY3JlYXRlIjozNjAwMDAwMDAwMDAwLCJkZWxldGUiOjM2MDAwMDAwMDAwMDAsInVwZGF0ZSI6MzYwMDAwMDAwMDAwMH19",
          "dependencies": [
            "aws_eks_cluster.main",
            "aws_security_group.eks_cluster",
            "aws_subnet.public",
            "aws_vpc.main",
            "data.aws_iam_role.lab_role"
          ]
        }
      ]
    },
    {
      "mode": "managed",
      "type": "aws_internet_gateway",
      "name": "main",
      "provider": "provider[\"registry.terraform.io/hashicorp/aws\"]",
      "instances": [
        {
          "schema_version": 0,
          "attributes": {
            "arn": "arn:aws:ec2:us-east-1:905418385450:internet-gateway/igw-04b0700a3282d2bfa",
            "id": "igw-04b0700a3282d2bfa",
            "owner_id": "905418385450",
            "tags": {
              "Environment": "Production",
              "ManagedBy": "Terraform",
              "Name": "microservices-cluster-igw",
              "Owner": "User",
              "Project": "Microservices"
            },
            "tags_all": {
              "Environment": "Production",
              "ManagedBy": "Terraform",
              "Name": "microservices-cluster-igw",
              "Owner": "User",
              "Project": "Microservices"
            },
            "timeouts": null,
            "vpc_id": "vpc-07d4c3ec05834ec73"
          },
          "sensitive_attributes": [],
          "identity_schema_version": 0,
          "private": "eyJlMmJmYjczMC1lY2FhLTExZTYtOGY4OC0zNDM2M2JjN2M0YzAiOnsiY3JlYXRlIjoxMjAwMDAwMDAwMDAwLCJkZWxldGUiOjEyMDAwMDAwMDAwMDAsInVwZGF0ZSI6MTIwMDAwMDAwMDAwMH19",
          "dependencies": [
            "aws_vpc.main"
          ]
        }
      ]
    },
    {
      "mode": "managed",
      "type": "aws_route_table",
      "name": "public",
      "provider": "provider[\"registry.terraform.io/hashicorp/aws\"]",
      "instances": [
        {
          "schema_version": 0,
          "attributes": {
            "arn": "arn:aws:ec2:us-east-1:905418385450:route-table/rtb-01ae48dc5c3930daa",
            "id": "rtb-01ae48dc5c3930daa",
            "owner_id": "905418385450",
            "propagating_vgws": [],
            "route": [
              {
                "carrier_gateway_id": "",
                "cidr_block": "0.0.0.0/0",
                "core_network_arn": "",
                "destination_prefix_list_id": "",
                "egress_only_gateway_id": "",
                "gateway_id": "igw-04b0700a3282d2bfa",
                "ipv6_cidr_block": "",
                "local_gateway_id": "",
                "nat_gateway_id": "",
                "network_interface_id": "",
                "transit_gateway_id": "",
                "vpc_endpoint_id": "",
                "vpc_peering_connection_id": ""
              }
            ],
            "tags": {
              "Environment": "Production",
              "ManagedBy": "Terraform",
              "Name": "microservices-cluster-public-rt",
              "Owner": "User",
              "Project": "Microservices"
            },
            "tags_all": {
              "Environment": "Production",
              "ManagedBy": "Terraform",
              "Name": "microservices-cluster-public-rt",
              "Owner": "User",
              "Project": "Microservices"
            },
            "timeouts": null,
            "vpc_id": "vpc-07d4c3ec05834ec73"
          },
          "sensitive_attributes": [],
          "identity_schema_version": 0,
          "private": "eyJlMmJmYjczMC1lY2FhLTExZTYtOGY4OC0zNDM2M2JjN2M0YzAiOnsiY3JlYXRlIjozMDAwMDAwMDAwMDAsImRlbGV0ZSI6MzAwMDAwMDAwMDAwLCJ1cGRhdGUiOjEyMDAwMDAwMDAwMH19",
          "dependencies": [
            "aws_internet_gateway.main",
            "aws_vpc.main"
          ]
        }
      ]
    },
    {
      "mode": "managed",
      "type": "aws_route_table_association",
      "name": "public",
      "provider": "provider[\"registry.terraform.io/hashicorp/aws\"]",
      "instances": [
        {
          "index_key": 0,
          "schema_version": 0,
          "attributes": {
            "gateway_id": "",
            "id": "rtbassoc-040cd5c7ffb143ea5",
            "route_table_id": "rtb-01ae48dc5c3930daa",
            "subnet_id": "subnet-0e6ba81b0429f1091",
            "timeouts": null
          },
          "sensitive_attributes": [],
          "identity_schema_version": 0,
          "private": "eyJlMmJmYjczMC1lY2FhLTExZTYtOGY4OC0zNDM2M2JjN2M0YzAiOnsiY3JlYXRlIjozMDAwMDAwMDAwMDAsImRlbGV0ZSI6MzAwMDAwMDAwMDAwLCJ1cGRhdGUiOjEyMDAwMDAwMDAwMH19",
          "dependencies": [
            "aws_internet_gateway.main",
            "aws_route_table.public",
            "aws_subnet.public",
            "aws_vpc.main"
          ]
        },
        {
          "index_key": 1,
          "schema_version": 0,
          "attributes": {
            "gateway_id": "",
            "id": "rtbassoc-0e3fec6a9dc138162",
            "route_table_id": "rtb-01ae48dc5c3930daa",
            "subnet_id": "subnet-086f37238f887d99f",
            "timeouts": null
          },
          "sensitive_attributes": [],
          "identity_schema_version": 0,
          "private": "eyJlMmJmYjczMC1lY2FhLTExZTYtOGY4OC0zNDM2M2JjN2M0YzAiOnsiY3JlYXRlIjozMDAwMDAwMDAwMDAsImRlbGV0ZSI6MzAwMDAwMDAwMDAwLCJ1cGRhdGUiOjEyMDAwMDAwMDAwMH19",
          "dependencies": [
            "aws_internet_gateway.main",
            "aws_route_table.public",
            "aws_subnet.public",
            "aws_vpc.main"
          ]
        }
      ]
    },
    {
      "mode": "managed",
      "type": "aws_security_group",
      "name": "eks_cluster",
      "provider": "provider[\"registry.terraform.io/hashicorp/aws\"]",
      "instances": [
        {
          "schema_version": 1,
          "attributes": {
            "arn": "arn:aws:ec2:us-east-1:905418385450:security-group/sg-0f7ecb28b3fad3af7",
            "description": "Security group for EKS cluster",
            "egress": [
              {
                "cidr_blocks": [
                  "0.0.0.0/0"
                ],
                "description": "",
                "from_port": 0,
                "ipv6_cidr_blocks": [],
                "prefix_list_ids": [],
                "protocol": "-1",
                "security_groups": [],
                "self": false,
                "to_port": 0
              }
            ],
            "id": "sg-0f7ecb28b3fad3af7",
            "ingress": [],
            "name": "microservices-cluster-cluster-sg",
            "name_prefix": "",
            "owner_id": "905418385450",
            "revoke_rules_on_delete": false,
            "tags": {
              "Environment": "Production",
              "ManagedBy": "Terraform",
              "Name": "microservices-cluster-cluster-sg",
              "Owner": "User",
              "Project": "Microservices"
            },
            "tags_all": {
              "Environment": "Production",
              "ManagedBy": "Terraform",
              "Name": "microservices-cluster-cluster-sg",
              "Owner": "User",
              "Project": "Microservices"
            },
            "timeouts": null,
            "vpc_id": "vpc-07d4c3ec05834ec73"
          },
          "sensitive_attributes": [],
          "identity_schema_version": 0,
          "private": "eyJlMmJmYjczMC1lY2FhLTExZTYtOGY4OC0zNDM2M2JjN2M0YzAiOnsiY3JlYXRlIjo2MDAwMDAwMDAwMDAsImRlbGV0ZSI6OTAwMDAwMDAwMDAwfSwic2NoZW1hX3ZlcnNpb24iOiIxIn0=",
          "dependencies": [
            "aws_vpc.main"
          ]
        }
      ]
    },
    {
      "mode": "managed",
      "type": "aws_security_group",
      "name": "eks_nodes",
      "provider": "provider[\"registry.terraform.io/hashicorp/aws\"]",
      "instances": [
        {
          "schema_version": 1,
          "attributes": {
            "arn": "arn:aws:ec2:us-east-1:905418385450:security-group/sg-0eb3d719d8a3b70d7",
            "description": "Security group for EKS nodes",
            "egress": [
              {
                "cidr_blocks": [
                  "0.0.0.0/0"
                ],
                "description": "",
                "from_port": 0,
                "ipv6_cidr_blocks": [],
                "prefix_list_ids": [],
                "protocol": "-1",
                "security_groups": [],
                "self": false,
                "to_port": 0
              }
            ],
            "id": "sg-0eb3d719d8a3b70d7",
            "ingress": [
              {
                "cidr_blocks": [],
                "description": "Allow nodes to communicate with each other",
                "from_port": 0,
                "ipv6_cidr_blocks": [],
                "prefix_list_ids": [],
                "protocol": "tcp",
                "security_groups": [
                  "sg-0f7ecb28b3fad3af7"
                ],
                "self": false,
                "to_port": 65535
              },
              {
                "cidr_blocks": [],
                "description": "Allow pods to communicate with cluster API Server",
                "from_port": 443,
                "ipv6_cidr_blocks": [],
                "prefix_list_ids": [],
                "protocol": "tcp",
                "security_groups": [
                  "sg-0f7ecb28b3fad3af7"
                ],
                "self": false,
                "to_port": 443
              }
            ],
            "name": "microservices-cluster-node-sg",
            "name_prefix": "",
            "owner_id": "905418385450",
            "revoke_rules_on_delete": false,
            "tags": {
              "Environment": "Production",
              "ManagedBy": "Terraform",
              "Name": "microservices-cluster-node-sg",
              "Owner": "User",
              "Project": "Microservices"
            },
            "tags_all": {
              "Environment": "Production",
              "ManagedBy": "Terraform",
              "Name": "microservices-cluster-node-sg",
              "Owner": "User",
              "Project": "Microservices"
            },
            "timeouts": null,
            "vpc_id": "vpc-07d4c3ec05834ec73"
          },
          "sensitive_attributes": [],
          "identity_schema_version": 0,
          "private": "eyJlMmJmYjczMC1lY2FhLTExZTYtOGY4OC0zNDM2M2JjN2M0YzAiOnsiY3JlYXRlIjo2MDAwMDAwMDAwMDAsImRlbGV0ZSI6OTAwMDAwMDAwMDAwfSwic2NoZW1hX3ZlcnNpb24iOiIxIn0=",
          "dependencies": [
            "aws_security_group.eks_cluster",
            "aws_vpc.main"
          ]
        }
      ]
    },
    {
      "mode": "managed",
      "type": "aws_security_group",
      "name": "rds",
      "provider": "provider[\"registry.terraform.io/hashicorp/aws\"]",
      "instances": [
        {
          "schema_version": 1,
          "attributes": {
            "arn": "arn:aws:ec2:us-east-1:905418385450:security-group/sg-0ffb5f0a5504f3063",
            "description": "Security group for RDS PostgreSQL",
            "egress": [
              {
                "cidr_blocks": [
                  "0.0.0.0/0"
                ],
                "description": "",
                "from_port": 0,
                "ipv6_cidr_blocks": [],
                "prefix_list_ids": [],
                "protocol": "-1",
                "security_groups": [],
                "self": false,
                "to_port": 0
              }
            ],
            "id": "sg-0ffb5f0a5504f3063",
            "ingress": [
              {
                "cidr_blocks": [
                  "10.0.0.0/16"
                ],
                "description": "PostgreSQL from VPC",
                "from_port": 5432,
                "ipv6_cidr_blocks": [],
                "prefix_list_ids": [],
                "protocol": "tcp",
                "security_groups": [],
                "self": false,
                "to_port": 5432
              },
              {
                "cidr_blocks": [],
                "description": "PostgreSQL from EKS nodes",
                "from_port": 5432,
                "ipv6_cidr_blocks": [],
                "prefix_list_ids": [],
                "protocol": "tcp",
                "security_groups": [
                  "sg-0eb3d719d8a3b70d7"
                ],
                "self": false,
                "to_port": 5432
              }
            ],
            "name": "microservices-cluster-rds-sg",
            "name_prefix": "",
            "owner_id": "905418385450",
            "revoke_rules_on_delete": false,
            "tags": {
              "Environment": "Production",
              "ManagedBy": "Terraform",
              "Name": "microservices-cluster-rds-sg",
              "Owner": "User",
              "Project": "Microservices"
            },
            "tags_all": {
              "Environment": "Production",
              "ManagedBy": "Terraform",
              "Name": "microservices-cluster-rds-sg",
              "Owner": "User",
              "Project": "Microservices"
            },
            "timeouts": null,
            "vpc_id": "vpc-07d4c3ec05834ec73"
          },
          "sensitive_attributes": [],
          "identity_schema_version": 0,
          "private": "eyJlMmJmYjczMC1lY2FhLTExZTYtOGY4OC0zNDM2M2JjN2M0YzAiOnsiY3JlYXRlIjo2MDAwMDAwMDAwMDAsImRlbGV0ZSI6OTAwMDAwMDAwMDAwfSwic2NoZW1hX3ZlcnNpb24iOiIxIn0=",
          "dependencies": [
            "aws_security_group.eks_cluster",
            "aws_security_group.eks_nodes",
            "aws_vpc.main"
          ]
        }
      ]
    },
    {
      "mode": "managed",
      "type": "aws_subnet",
      "name": "private",
      "provider": "provider[\"registry.terraform.io/hashicorp/aws\"]",
      "instances": [
        {
          "index_key": 0,
          "schema_version": 1,
          "attributes": {
            "arn": "arn:aws:ec2:us-east-1:905418385450:subnet/subnet-011989b87a0b67818",
            "assign_ipv6_address_on_creation": false,
            "availability_zone": "us-east-1a",
            "availability_zone_id": "use1-az1",
            "cidr_block": "10.0.10.0/24",
            "customer_owned_ipv4_pool": "",
            "enable_dns64": false,
            "enable_lni_at_device_index": 0,
            "enable_resource_name_dns_a_record_on_launch": false,
            "enable_resource_name_dns_aaaa_record_on_launch": false,
            "id": "subnet-011989b87a0b67818",
            "ipv6_cidr_block": "",
            "ipv6_cidr_block_association_id": "",
            "ipv6_native": false,
            "map_customer_owned_ip_on_launch": false,
            "map_public_ip_on_launch": false,
            "outpost_arn": "",
            "owner_id": "905418385450",
            "private_dns_hostname_type_on_launch": "ip-name",
            "tags": {
              "Environment": "Production",
              "ManagedBy": "Terraform",
              "Name": "microservices-cluster-private-subnet-1",
              "Owner": "User",
              "Project": "Microservices",
              "kubernetes.io/role/internal-elb": "1"
            },
            "tags_all": {
              "Environment": "Production",
              "ManagedBy": "Terraform",
              "Name": "microservices-cluster-private-subnet-1",
              "Owner": "User",
              "Project": "Microservices",
              "kubernetes.io/role/internal-elb": "1"
            },
            "timeouts": null,
            "vpc_id": "vpc-07d4c3ec05834ec73"
          },
          "sensitive_attributes": [],
          "identity_schema_version": 0,
          "private": "eyJlMmJmYjczMC1lY2FhLTExZTYtOGY4OC0zNDM2M2JjN2M0YzAiOnsiY3JlYXRlIjo2MDAwMDAwMDAwMDAsImRlbGV0ZSI6MTIwMDAwMDAwMDAwMH0sInNjaGVtYV92ZXJzaW9uIjoiMSJ9",
          "dependencies": [
            "aws_vpc.main"
          ]
        },
        {
          "index_key": 1,
          "schema_version": 1,
          "attributes": {
            "arn": "arn:aws:ec2:us-east-1:905418385450:subnet/subnet-070e4457673d311cc",
            "assign_ipv6_address_on_creation": false,
            "availability_zone": "us-east-1b",
            "availability_zone_id": "use1-az2",
            "cidr_block": "10.0.11.0/24",
            "customer_owned_ipv4_pool": "",
            "enable_dns64": false,
            "enable_lni_at_device_index": 0,
            "enable_resource_name_dns_a_record_on_launch": false,
            "enable_resource_name_dns_aaaa_record_on_launch": false,
            "id": "subnet-070e4457673d311cc",
            "ipv6_cidr_block": "",
            "ipv6_cidr_block_association_id": "",
            "ipv6_native": false,
            "map_customer_owned_ip_on_launch": false,
            "map_public_ip_on_launch": false,
            "outpost_arn": "",
            "owner_id": "905418385450",
            "private_dns_hostname_type_on_launch": "ip-name",
            "tags": {
              "Environment": "Production",
              "ManagedBy": "Terraform",
              "Name": "microservices-cluster-private-subnet-2",
              "Owner": "User",
              "Project": "Microservices",
              "kubernetes.io/role/internal-elb": "1"
            },
            "tags_all": {
              "Environment": "Production",
              "ManagedBy": "Terraform",
              "Name": "microservices-cluster-private-subnet-2",
              "Owner": "User",
              "Project": "Microservices",
              "kubernetes.io/role/internal-elb": "1"
            },
            "timeouts": null,
            "vpc_id": "vpc-07d4c3ec05834ec73"
          },
          "sensitive_attributes": [],
          "identity_schema_version": 0,
          "private": "eyJlMmJmYjczMC1lY2FhLTExZTYtOGY4OC0zNDM2M2JjN2M0YzAiOnsiY3JlYXRlIjo2MDAwMDAwMDAwMDAsImRlbGV0ZSI6MTIwMDAwMDAwMDAwMH0sInNjaGVtYV92ZXJzaW9uIjoiMSJ9",
          "dependencies": [
            "aws_vpc.main"
          ]
        }
      ]
    },
    {
      "mode": "managed",
      "type": "aws_subnet",
      "name": "public",
      "provider": "provider[\"registry.terraform.io/hashicorp/aws\"]",
      "instances": [
        {
          "index_key": 0,
          "schema_version": 1,
          "attributes": {
            "arn": "arn:aws:ec2:us-east-1:905418385450:subnet/subnet-0e6ba81b0429f1091",
            "assign_ipv6_address_on_creation": false,
            "availability_zone": "us-east-1a",
            "availability_zone_id": "use1-az1",
            "cidr_block": "10.0.0.0/24",
            "customer_owned_ipv4_pool": "",
            "enable_dns64": false,
            "enable_lni_at_device_index": 0,
            "enable_resource_name_dns_a_record_on_launch": false,
            "enable_resource_name_dns_aaaa_record_on_launch": false,
            "id": "subnet-0e6ba81b0429f1091",
            "ipv6_cidr_block": "",
            "ipv6_cidr_block_association_id": "",
            "ipv6_native": false,
            "map_customer_owned_ip_on_launch": false,
            "map_public_ip_on_launch": true,
            "outpost_arn": "",
            "owner_id": "905418385450",
            "private_dns_hostname_type_on_launch": "ip-name",
            "tags": {
              "Environment": "Production",
              "ManagedBy": "Terraform",
              "Name": "microservices-cluster-public-subnet-1",
              "Owner": "User",
              "Project": "Microservices",
              "kubernetes.io/role/elb": "1"
            },
            "tags_all": {
              "Environment": "Production",
              "ManagedBy": "Terraform",
              "Name": "microservices-cluster-public-subnet-1",
              "Owner": "User",
              "Project": "Microservices",
              "kubernetes.io/role/elb": "1"
            },
            "timeouts": null,
            "vpc_id": "vpc-07d4c3ec05834ec73"
          },
          "sensitive_attributes": [],
          "identity_schema_version": 0,
          "private": "eyJlMmJmYjczMC1lY2FhLTExZTYtOGY4OC0zNDM2M2JjN2M0YzAiOnsiY3JlYXRlIjo2MDAwMDAwMDAwMDAsImRlbGV0ZSI6MTIwMDAwMDAwMDAwMH0sInNjaGVtYV92ZXJzaW9uIjoiMSJ9",
          "dependencies": [
            "aws_vpc.main"
          ]
        },
        {
          "index_key": 1,
          "schema_version": 1,
          "attributes": {
            "arn": "arn:aws:ec2:us-east-1:905418385450:subnet/subnet-086f37238f887d99f",
            "assign_ipv6_address_on_creation": false,
            "availability_zone": "us-east-1b",
            "availability_zone_id": "use1-az2",
            "cidr_block": "10.0.1.0/24",
            "customer_owned_ipv4_pool": "",
            "enable_dns64": false,
            "enable_lni_at_device_index": 0,
            "enable_resource_name_dns_a_record_on_launch": false,
            "enable_resource_name_dns_aaaa_record_on_launch": false,
            "id": "subnet-086f37238f887d99f",
            "ipv6_cidr_block": "",
            "ipv6_cidr_block_association_id": "",
            "ipv6_native": false,
            "map_customer_owned_ip_on_launch": false,
            "map_public_ip_on_launch": true,
            "outpost_arn": "",
            "owner_id": "905418385450",
            "private_dns_hostname_type_on_launch": "ip-name",
            "tags": {
              "Environment": "Production",
              "ManagedBy": "Terraform",
              "Name": "microservices-cluster-public-subnet-2",
              "Owner": "User",
              "Project": "Microservices",
              "kubernetes.io/role/elb": "1"
            },
            "tags_all": {
              "Environment": "Production",
              "ManagedBy": "Terraform",
              "Name": "microservices-cluster-public-subnet-2",
              "Owner": "User",
              "Project": "Microservices",
              "kubernetes.io/role/elb": "1"
            },
            "timeouts": null,
            "vpc_id": "vpc-07d4c3ec05834ec73"
          },
          "sensitive_attributes": [],
          "identity_schema_version": 0,
          "private": "eyJlMmJmYjczMC1lY2FhLTExZTYtOGY4OC0zNDM2M2JjN2M0YzAiOnsiY3JlYXRlIjo2MDAwMDAwMDAwMDAsImRlbGV0ZSI6MTIwMDAwMDAwMDAwMH0sInNjaGVtYV92ZXJzaW9uIjoiMSJ9",
          "dependencies": [
            "aws_vpc.main"
          ]
        }
      ]
    },
    {
      "mode": "managed",
      "type": "aws_vpc",
      "name": "main",
      "provider": "provider[\"registry.terraform.io/hashicorp/aws\"]",
      "instances": [
        {
          "schema_version": 1,
          "attributes": {
            "arn": "arn:aws:ec2:us-east-1:905418385450:vpc/vpc-07d4c3ec05834ec73",
            "assign_generated_ipv6_cidr_block": false,
            "cidr_block": "10.0.0.0/16",
            "default_network_acl_id": "acl-05cf4ab9778fdd87c",
            "default_route_table_id": "rtb-0e9fe02f0a9b72a8a",
            "default_security_group_id": "sg-0fb3aa65bd25171f9",
            "dhcp_options_id": "dopt-0d090596bd00b9e16",
            "enable_dns_hostnames": true,
            "enable_dns_support": true,
            "enable_network_address_usage_metrics": false,
            "id": "vpc-07d4c3ec05834ec73",
            "instance_tenancy": "default",
            "ipv4_ipam_pool_id": null,
            "ipv4_netmask_length": null,
            "ipv6_association_id": "",
            "ipv6_cidr_block": "",
            "ipv6_cidr_block_network_border_group": "",
            "ipv6_ipam_pool_id": "",
            "ipv6_netmask_length": 0,
            "main_route_table_id": "rtb-0e9fe02f0a9b72a8a",
            "owner_id": "905418385450",
            "tags": {
              "Environment": "Production",
              "ManagedBy": "Terraform",
              "Name": "microservices-cluster-vpc",
              "Owner": "User",
              "Project": "Microservices"
            },
            "tags_all": {
              "Environment": "Production",
              "ManagedBy": "Terraform",
              "Name": "microservices-cluster-vpc",
              "Owner": "User",
              "Project": "Microservices"
            }
          },
          "sensitive_attributes": [],
          "identity_schema_version": 0,
          "private": "eyJzY2hlbWFfdmVyc2lvbiI6IjEifQ=="
        }
      ]
    }
  ],
  "check_results": null
}
