{
  "version": 4,
  "terraform_version": "1.14.3",
  "serial": 108,
  "lineage": "71a57ab1-125e-42d5-52b9-84ce5e5aff16",
  "outputs": {
    "cluster_endpoint": {
      "value": "https://422E98BFABC0F7BFDF83EB208C2EB1D9.gr7.us-east-1.eks.amazonaws.com",
      "type": "string"
    },
    "cluster_id": {
      "value": "microservices-cluster",
      "type": "string"
    },
    "cluster_name": {
      "value": "microservices-cluster",
      "type": "string"
    },
    "configure_kubectl": {
      "value": "aws eks update-kubeconfig --name microservices-cluster --region us-east-1",
      "type": "string"
    },
    "private_subnet_ids": {
      "value": [],
      "type": [
        "tuple",
        []
      ]
    },
    "public_subnet_ids": {
      "value": [
        "subnet-0a7292eaf10ea0639",
        "subnet-056a7ad9e9da9339c",
        "subnet-06b7f457fbd13607a",
        "subnet-04b9db96166364b09",
        "subnet-00751da57efb90516"
      ],
      "type": [
        "tuple",
        [
          "string",
          "string",
          "string",
          "string",
          "string"
        ]
      ]
    },
    "vpc_id": {
      "value": "vpc-0c1087c6fc9e749d8",
      "type": "string"
    }
  },
  "resources": [
    {
      "mode": "managed",
      "type": "aws_eks_cluster",
      "name": "main",
      "provider": "provider[\"registry.terraform.io/hashicorp/aws\"]",
      "instances": [
        {
          "schema_version": 1,
          "attributes": {
            "access_config": [
              {
                "authentication_mode": "CONFIG_MAP",
                "bootstrap_cluster_creator_admin_permissions": true
              }
            ],
            "arn": "arn:aws:eks:us-east-1:905418385450:cluster/microservices-cluster",
            "bootstrap_self_managed_addons": true,
            "certificate_authority": [
              {
                "data": "LS0tLS1CRUdJTiBDRVJUSUZJQ0FURS0tLS0tCk1JSURCVENDQWUyZ0F3SUJBZ0lJUy9FQUUrLzhRdWd3RFFZSktvWklodmNOQVFFTEJRQXdGVEVUTUJFR0ExVUUKQXhNS2EzVmlaWEp1WlhSbGN6QWVGdzB5TmpBeE1ESXlNVEkzTUROYUZ3MHpOVEV5TXpFeU1UTXlNRE5hTUJVeApFekFSQmdOVkJBTVRDbXQxWW1WeWJtVjBaWE13Z2dFaU1BMEdDU3FHU0liM0RRRUJBUVVBQTRJQkR3QXdnZ0VLCkFvSUJBUURMQUdKclZTVmFpRi9DRS9GVFFZeGloSHlCZ3JzUm9SL0xMLzFBT3Fob21laTRWcjBVeHhxQ0lqWm8KcHc3cHRvT2JnY0ZuS01DMVFOVTlpL2lxZkgvdmNyNDQ0K1dtVUVOMi9WQ0t2ZndBcm9UL2pOU3JTb2dicHFwLwp5ME1mQWR1QkVnNnBaYkhCTHNMdTI1ZzJXcHVrYXEzQ2hvQ0VOUXU0TmpWbmdzc0ZNOWZzc0RnVHgyRmFpS0tlCmJiMVI1dyt6aUQwWDgvTFR5My8wTE4zTXdMQ0FlelpoMUNGQWZKeUF5djRtdFRmRE9TUVNQd3pYdEpOcVNTMEUKT3A0OGc1SWRYUXoyVEZmQzhXOXZrQVJvQnRqaFVSLzBPZk5qV3FBdWN2cGVvc1RQZXZIZ1h2MVRxN3BXOHFQbApPQk9ENXI4dWJIazZwS2c3ejN3TDI1Q1JSVjJKQWdNQkFBR2pXVEJYTUE0R0ExVWREd0VCL3dRRUF3SUNwREFQCkJnTlZIUk1CQWY4RUJUQURBUUgvTUIwR0ExVWREZ1FXQkJRR1NxOFVnMVUwWUx1b0dFc1lXVGlMMlEwMjNEQVYKQmdOVkhSRUVEakFNZ2dwcmRXSmxjbTVsZEdWek1BMEdDU3FHU0liM0RRRUJDd1VBQTRJQkFRQWhxanpvbkFYZQpvS2VVNXdOUitMckw2NXdOUnpiVjdDK3ZVZitYektZRDQzdHE0SC9MZmVSRG82ejhFSmxjdEdDSXpaWVJoNTlxCndlQ04rZ2Njek51V1d4aHZXcmJVdU5MQ0R4MitzQ0d6ZUdldXlmVWFkVzZaVlFoMmVHVm01UFNJS1N2MWo2WDAKeWdUdjgxeW1yS2NtL3lDM1VneHN5VmkyeXNMeXlsaDQwVy9wNWVBYlk5RmZudFlPcW91Vk5NcExOZ0dJRTJqWQpJRm1oc1hTaDJTZktyODJac1JkRlNlcUQ1S3Job0xxczM3UUZlSVY5YW90RGVURUJKU3NlSE5ZMitadlJ3RkNhCjJ0eEpjT0NHbkVNMnBPOVVEakp1QStwb3ZRQml1OWQvRG1XQzk4OVhUUDBRNExhN2JxY2hTcHQ4eENYbDRveXgKd2tzMi9IYndsOEVRCi0tLS0tRU5EIENFUlRJRklDQVRFLS0tLS0K"
              }
            ],
            "cluster_id": null,
            "compute_config": [],
            "created_at": "2026-01-02T21:26:07Z",
            "enabled_cluster_log_types": null,
            "encryption_config": [],
            "endpoint": "https://422E98BFABC0F7BFDF83EB208C2EB1D9.gr7.us-east-1.eks.amazonaws.com",
            "force_update_version": null,
            "id": "microservices-cluster",
            "identity": [
              {
                "oidc": [
                  {
                    "issuer": "https://oidc.eks.us-east-1.amazonaws.com/id/422E98BFABC0F7BFDF83EB208C2EB1D9"
                  }
                ]
              }
            ],
            "kubernetes_network_config": [
              {
                "elastic_load_balancing": [
                  {
                    "enabled": false
                  }
                ],
                "ip_family": "ipv4",
                "service_ipv4_cidr": "10.100.0.0/16",
                "service_ipv6_cidr": ""
              }
            ],
            "name": "microservices-cluster",
            "outpost_config": [],
            "platform_version": "eks.58",
            "remote_network_config": [],
            "role_arn": "arn:aws:iam::905418385450:role/LabRole",
            "status": "ACTIVE",
            "storage_config": [],
            "tags": {
              "Environment": "Production",
              "ManagedBy": "Terraform",
              "Owner": "User",
              "Project": "Microservices"
            },
            "tags_all": {
              "Environment": "Production",
              "ManagedBy": "Terraform",
              "Owner": "User",
              "Project": "Microservices"
            },
            "timeouts": null,
            "upgrade_policy": [
              {
                "support_type": "EXTENDED"
              }
            ],
            "version": "1.29",
            "vpc_config": [
              {
                "cluster_security_group_id": "sg-07604c8e269c1e5f5",
                "endpoint_private_access": true,
                "endpoint_public_access": true,
                "public_access_cidrs": [
                  "0.0.0.0/0"
                ],
                "security_group_ids": null,
                "subnet_ids": [
                  "subnet-00751da57efb90516",
                  "subnet-04b9db96166364b09",
                  "subnet-056a7ad9e9da9339c",
                  "subnet-06b7f457fbd13607a",
                  "subnet-0a7292eaf10ea0639"
                ],
                "vpc_id": "vpc-0c1087c6fc9e749d8"
              }
            ],
            "zonal_shift_config": []
          },
          "sensitive_attributes": [],
          "identity_schema_version": 0,
          "private": "eyJlMmJmYjczMC1lY2FhLTExZTYtOGY4OC0zNDM2M2JjN2M0YzAiOnsiY3JlYXRlIjoxODAwMDAwMDAwMDAwLCJkZWxldGUiOjkwMDAwMDAwMDAwMCwidXBkYXRlIjozNjAwMDAwMDAwMDAwfSwic2NoZW1hX3ZlcnNpb24iOiIxIn0="
        }
      ]
    },
    {
      "mode": "managed",
      "type": "aws_eks_node_group",
      "name": "main",
      "provider": "provider[\"registry.terraform.io/hashicorp/aws\"]",
      "instances": [
        {
          "schema_version": 0,
          "attributes": {
            "ami_type": "AL2_x86_64",
            "arn": "arn:aws:eks:us-east-1:905418385450:nodegroup/microservices-cluster/microservices-cluster-node-group/78cdc051-d862-784e-ee42-f4ce800ea2af",
            "capacity_type": "ON_DEMAND",
            "cluster_name": "microservices-cluster",
            "disk_size": 20,
            "force_update_version": null,
            "id": "microservices-cluster:microservices-cluster-node-group",
            "instance_types": [
              "t3.small"
            ],
            "labels": null,
            "launch_template": [],
            "node_group_name": "microservices-cluster-node-group",
            "node_group_name_prefix": "",
            "node_repair_config": [],
            "node_role_arn": "arn:aws:iam::905418385450:role/LabRole",
            "release_version": "1.29.15-20251209",
            "remote_access": [],
            "resources": [
              {
                "autoscaling_groups": [
                  {
                    "name": "eks-microservices-cluster-node-group-78cdc051-d862-784e-ee42-f4ce800ea2af"
                  }
                ],
                "remote_access_security_group_id": ""
              }
            ],
            "scaling_config": [
              {
                "desired_size": 2,
                "max_size": 2,
                "min_size": 1
              }
            ],
            "status": "ACTIVE",
            "subnet_ids": [
              "subnet-056a7ad9e9da9339c",
              "subnet-0a7292eaf10ea0639"
            ],
            "tags": {
              "Environment": "Production",
              "ManagedBy": "Terraform",
              "Name": "microservices-cluster-node-group",
              "Owner": "User",
              "Project": "Microservices"
            },
            "tags_all": {
              "Environment": "Production",
              "ManagedBy": "Terraform",
              "Name": "microservices-cluster-node-group",
              "Owner": "User",
              "Project": "Microservices"
            },
            "taint": [],
            "timeouts": null,
            "update_config": [
              {
                "max_unavailable": 1,
                "max_unavailable_percentage": 0
              }
            ],
            "version": "1.29"
          },
          "sensitive_attributes": [],
          "identity_schema_version": 0,
          "private": "eyJlMmJmYjczMC1lY2FhLTExZTYtOGY4OC0zNDM2M2JjN2M0YzAiOnsiY3JlYXRlIjozNjAwMDAwMDAwMDAwLCJkZWxldGUiOjM2MDAwMDAwMDAwMDAsInVwZGF0ZSI6MzYwMDAwMDAwMDAwMH19",
          "dependencies": [
            "aws_eks_cluster.main"
          ]
        }
      ]
    }
  ],
  "check_results": null
}
